# @generated by Move, please check-in and do not edit manually.

[move]
version = 3
manifest_digest = "5D565744A2EB23C4D5120067456B6CBD7D4F976FFAA8C9AB446076424AACE449"
deps_digest = "F8BBB0CCB2491CA29A3DF03D6F92277A4F3574266507ACD77214D37ECA3F3082"
dependencies = [
  { id = "Sui", name = "Sui" },
]

[[move.package]]
id = "MoveStdlib"
source = { git = "https://github.com/MystenLabs/sui.git", rev = "framework/testnet", subdir = "crates/sui-framework/packages/move-stdlib" }

[[move.package]]
id = "Sui"
source = { git = "https://github.com/MystenLabs/sui.git", rev = "framework/testnet", subdir = "crates/sui-framework/packages/sui-framework" }

dependencies = [
  { id = "MoveStdlib", name = "MoveStdlib" },
]

[move.toolchain-version]
compiler-version = "1.46.3"
edition = "2024.beta"
flavor = "sui"

[addresses]
my_address = "0x0"

[env]

[env.devnet]
chain-id = "22527cc7"
original-published-id = "0xc8af585b37853e5131658729fafe52e43cc48a1006a6fc62e2e10723b2897a17"
latest-published-id = "0xc8af585b37853e5131658729fafe52e43cc48a1006a6fc62e2e10723b2897a17"
published-version = "1"

[env.testnet]
chain-id = "4c78adac"
original-published-id = "0xc909a1ecb0cd27760f1f268150a063753f00f915320d96f06976cac2b4801e54"
latest-published-id = "0xc909a1ecb0cd27760f1f268150a063753f00f915320d96f06976cac2b4801e54"
published-version = "1"
